<?xml version="1.0" encoding="UTF-8" standalone="yes" ?>
<CodeBlocks_project_file>
	<FileVersion major="1" minor="6" />
	<Project>
		<Option title="dogegame" />
		<Option pch_mode="2" />
		<Option compiler="gcc" />
		<Build>
			<Target title="Debug">
				<Option output="bin/Debug/dogegame" prefix_auto="1" extension_auto="1" />
				<Option object_output="obj/Debug/" />
				<Option type="1" />
				<Option compiler="gcc" />
				<Compiler>
					<Add option="-g" />
				</Compiler>
			</Target>
			<Target title="Release">
				<Option output="bin/Release/dogegame" prefix_auto="1" extension_auto="1" />
				<Option object_output="obj/Release/" />
				<Option type="1" />
				<Option compiler="gcc" />
				<Compiler>
					<Add option="-O2" />
				</Compiler>
				<Linker>
					<Add option="-s" />
				</Linker>
			</Target>
		</Build>
		<Compiler>
			<Add option="-Wall" />
		</Compiler>
		<Unit filename="code/doge.cpp" />
		<Unit filename="code/doge.h" />
		<Unit filename="code/enemy.cpp" />
		<Unit filename="code/enemy.h" />
		<Unit filename="code/explode.cpp" />
		<Unit filename="code/explode.h" />
		<Unit filename="code/game.cpp" />
		<Unit filename="code/game.h" />
		<Unit filename="code/land.cpp" />
		<Unit filename="code/land.h" />
		<Unit filename="code/lib.cpp" />
		<Unit filename="code/lib.h" />
		<Unit filename="code/main.cpp" />
		<Unit filename="code/pipe.cpp" />
		<Unit filename="code/pipe.h" />
		<Unit filename="code/rocket.cpp" />
		<Unit filename="code/rocket.h" />
		<Unit filename="code/sound.cpp" />
		<Unit filename="code/sound.h" />
		<Extensions />
	</Project>
</CodeBlocks_project_file>
